// !$*UTF8*$!
{
	archiveVersion = 1;
	classes = {
	};
	objectVersion = 46;
	objects = {

/* Begin PBXBuildFile section */
		203B52651B7D6CAC00C9808A /* ofxAnimatable.cpp in Sources */ = {isa = PBXBuildFile; fileRef = 203B525D1B7D6CAC00C9808A /* ofxAnimatable.cpp */; };
		203B52661B7D6CAC00C9808A /* ofxAnimatableFloat.cpp in Sources */ = {isa = PBXBuildFile; fileRef = 203B525F1B7D6CAC00C9808A /* ofxAnimatableFloat.cpp */; };
		203B52671B7D6CAC00C9808A /* ofxAnimatableOfColor.cpp in Sources */ = {isa = PBXBuildFile; fileRef = 203B52611B7D6CAC00C9808A /* ofxAnimatableOfColor.cpp */; };
		203B52681B7D6CAC00C9808A /* ofxAnimatableOfPoint.cpp in Sources */ = {isa = PBXBuildFile; fileRef = 203B52631B7D6CAC00C9808A /* ofxAnimatableOfPoint.cpp */; };
		208425241B825B2D0058C621 /* PointAnimator.cpp in Sources */ = {isa = PBXBuildFile; fileRef = 208425221B825B2D0058C621 /* PointAnimator.cpp */; };
		20D528961B7D4A3D00E4C841 /* ofxBaseGui.cpp in Sources */ = {isa = PBXBuildFile; fileRef = 20D528851B7D4A3D00E4C841 /* ofxBaseGui.cpp */; };
		20D528971B7D4A3D00E4C841 /* ofxButton.cpp in Sources */ = {isa = PBXBuildFile; fileRef = 20D528871B7D4A3D00E4C841 /* ofxButton.cpp */; };
		20D528981B7D4A3D00E4C841 /* ofxGuiGroup.cpp in Sources */ = {isa = PBXBuildFile; fileRef = 20D5288A1B7D4A3D00E4C841 /* ofxGuiGroup.cpp */; };
		20D528991B7D4A3D00E4C841 /* ofxLabel.cpp in Sources */ = {isa = PBXBuildFile; fileRef = 20D5288C1B7D4A3D00E4C841 /* ofxLabel.cpp */; };
		20D5289A1B7D4A3D00E4C841 /* ofxPanel.cpp in Sources */ = {isa = PBXBuildFile; fileRef = 20D5288E1B7D4A3D00E4C841 /* ofxPanel.cpp */; };
		20D5289B1B7D4A3D00E4C841 /* ofxSlider.cpp in Sources */ = {isa = PBXBuildFile; fileRef = 20D528901B7D4A3D00E4C841 /* ofxSlider.cpp */; };
		20D5289C1B7D4A3D00E4C841 /* ofxSliderGroup.cpp in Sources */ = {isa = PBXBuildFile; fileRef = 20D528921B7D4A3D00E4C841 /* ofxSliderGroup.cpp */; };
		20D5289D1B7D4A3D00E4C841 /* ofxToggle.cpp in Sources */ = {isa = PBXBuildFile; fileRef = 20D528941B7D4A3D00E4C841 /* ofxToggle.cpp */; };
		20D528A01B7D4A9800E4C841 /* Branch.cpp in Sources */ = {isa = PBXBuildFile; fileRef = 20D5289E1B7D4A9800E4C841 /* Branch.cpp */; };
		20D528CB1B7D4AF900E4C841 /* ETF.cpp in Sources */ = {isa = PBXBuildFile; fileRef = 20D528AE1B7D4AF900E4C841 /* ETF.cpp */; };
		20D528CC1B7D4AF900E4C841 /* fdog.cpp in Sources */ = {isa = PBXBuildFile; fileRef = 20D528AF1B7D4AF900E4C841 /* fdog.cpp */; };
		20D528CD1B7D4AF900E4C841 /* Calibration.cpp in Sources */ = {isa = PBXBuildFile; fileRef = 20D528BF1B7D4AF900E4C841 /* Calibration.cpp */; };
		20D528CE1B7D4AF900E4C841 /* ContourFinder.cpp in Sources */ = {isa = PBXBuildFile; fileRef = 20D528C01B7D4AF900E4C841 /* ContourFinder.cpp */; };
		20D528CF1B7D4AF900E4C841 /* Distance.cpp in Sources */ = {isa = PBXBuildFile; fileRef = 20D528C11B7D4AF900E4C841 /* Distance.cpp */; };
		20D528D01B7D4AF900E4C841 /* Flow.cpp in Sources */ = {isa = PBXBuildFile; fileRef = 20D528C21B7D4AF900E4C841 /* Flow.cpp */; };
		20D528D11B7D4AF900E4C841 /* Helpers.cpp in Sources */ = {isa = PBXBuildFile; fileRef = 20D528C31B7D4AF900E4C841 /* Helpers.cpp */; };
		20D528D21B7D4AF900E4C841 /* Kalman.cpp in Sources */ = {isa = PBXBuildFile; fileRef = 20D528C41B7D4AF900E4C841 /* Kalman.cpp */; };
		20D528D31B7D4AF900E4C841 /* ObjectFinder.cpp in Sources */ = {isa = PBXBuildFile; fileRef = 20D528C51B7D4AF900E4C841 /* ObjectFinder.cpp */; };
		20D528D41B7D4AF900E4C841 /* RunningBackground.cpp in Sources */ = {isa = PBXBuildFile; fileRef = 20D528C61B7D4AF900E4C841 /* RunningBackground.cpp */; };
		20D528D51B7D4AF900E4C841 /* Tracker.cpp in Sources */ = {isa = PBXBuildFile; fileRef = 20D528C71B7D4AF900E4C841 /* Tracker.cpp */; };
		20D528D61B7D4AF900E4C841 /* Utilities.cpp in Sources */ = {isa = PBXBuildFile; fileRef = 20D528C81B7D4AF900E4C841 /* Utilities.cpp */; };
		20D528D71B7D4AF900E4C841 /* Wrappers.cpp in Sources */ = {isa = PBXBuildFile; fileRef = 20D528C91B7D4AF900E4C841 /* Wrappers.cpp */; };
		20D528D81B7D4AF900E4C841 /* opencv.a in Frameworks */ = {isa = PBXBuildFile; fileRef = 20D528CA1B7D4AF900E4C841 /* opencv.a */; };
		20EBB7051B8D4060000562BF /* ColorAnimator.cpp in Sources */ = {isa = PBXBuildFile; fileRef = 20EBB7031B8D4060000562BF /* ColorAnimator.cpp */; };
		E4328149138ABC9F0047C5CB /* openFrameworksDebug.a in Frameworks */ = {isa = PBXBuildFile; fileRef = E4328148138ABC890047C5CB /* openFrameworksDebug.a */; };
		E4B69E200A3A1BDC003C02F2 /* main.cpp in Sources */ = {isa = PBXBuildFile; fileRef = E4B69E1D0A3A1BDC003C02F2 /* main.cpp */; };
		E4B69E210A3A1BDC003C02F2 /* ofApp.cpp in Sources */ = {isa = PBXBuildFile; fileRef = E4B69E1E0A3A1BDC003C02F2 /* ofApp.cpp */; };
		E6CF6B721BBB64F7005B0E0E /* DrawingParams.cpp in Sources */ = {isa = PBXBuildFile; fileRef = E6CF6B6E1BBB64F7005B0E0E /* DrawingParams.cpp */; };
		E6CF6B731BBB64F7005B0E0E /* TrackingParams.cpp in Sources */ = {isa = PBXBuildFile; fileRef = E6CF6B701BBB64F7005B0E0E /* TrackingParams.cpp */; };
		E6E33B781BBB5F7800C7C6E6 /* AnimatorParams.cpp in Sources */ = {isa = PBXBuildFile; fileRef = E6E33B761BBB5F7800C7C6E6 /* AnimatorParams.cpp */; };
/* End PBXBuildFile section */

/* Begin PBXContainerItemProxy section */
		E4328147138ABC890047C5CB /* PBXContainerItemProxy */ = {
			isa = PBXContainerItemProxy;
			containerPortal = E4328143138ABC890047C5CB /* openFrameworksLib.xcodeproj */;
			proxyType = 2;
			remoteGlobalIDString = E4B27C1510CBEB8E00536013;
			remoteInfo = openFrameworks;
		};
		E4EEB9AB138B136A00A80321 /* PBXContainerItemProxy */ = {
			isa = PBXContainerItemProxy;
			containerPortal = E4328143138ABC890047C5CB /* openFrameworksLib.xcodeproj */;
			proxyType = 1;
			remoteGlobalIDString = E4B27C1410CBEB8E00536013;
			remoteInfo = openFrameworks;
		};
/* End PBXContainerItemProxy section */

/* Begin PBXCopyFilesBuildPhase section */
		E4C2427710CC5ABF004149E2 /* CopyFiles */ = {
			isa = PBXCopyFilesBuildPhase;
			buildActionMask = 2147483647;
			dstPath = "";
			dstSubfolderSpec = 10;
			files = (
			);
			runOnlyForDeploymentPostprocessing = 0;
		};
/* End PBXCopyFilesBuildPhase section */

/* Begin PBXFileReference section */
		203B525D1B7D6CAC00C9808A /* ofxAnimatable.cpp */ = {isa = PBXFileReference; lastKnownFileType = sourcecode.cpp.cpp; path = ofxAnimatable.cpp; sourceTree = "<group>"; };
		203B525E1B7D6CAC00C9808A /* ofxAnimatable.h */ = {isa = PBXFileReference; lastKnownFileType = sourcecode.c.h; path = ofxAnimatable.h; sourceTree = "<group>"; };
		203B525F1B7D6CAC00C9808A /* ofxAnimatableFloat.cpp */ = {isa = PBXFileReference; lastKnownFileType = sourcecode.cpp.cpp; path = ofxAnimatableFloat.cpp; sourceTree = "<group>"; };
		203B52601B7D6CAC00C9808A /* ofxAnimatableFloat.h */ = {isa = PBXFileReference; lastKnownFileType = sourcecode.c.h; path = ofxAnimatableFloat.h; sourceTree = "<group>"; };
		203B52611B7D6CAC00C9808A /* ofxAnimatableOfColor.cpp */ = {isa = PBXFileReference; lastKnownFileType = sourcecode.cpp.cpp; path = ofxAnimatableOfColor.cpp; sourceTree = "<group>"; };
		203B52621B7D6CAC00C9808A /* ofxAnimatableOfColor.h */ = {isa = PBXFileReference; lastKnownFileType = sourcecode.c.h; path = ofxAnimatableOfColor.h; sourceTree = "<group>"; };
		203B52631B7D6CAC00C9808A /* ofxAnimatableOfPoint.cpp */ = {isa = PBXFileReference; lastKnownFileType = sourcecode.cpp.cpp; path = ofxAnimatableOfPoint.cpp; sourceTree = "<group>"; };
		203B52641B7D6CAC00C9808A /* ofxAnimatableOfPoint.h */ = {isa = PBXFileReference; lastKnownFileType = sourcecode.c.h; path = ofxAnimatableOfPoint.h; sourceTree = "<group>"; };
		208425221B825B2D0058C621 /* PointAnimator.cpp */ = {isa = PBXFileReference; fileEncoding = 4; lastKnownFileType = sourcecode.cpp.cpp; path = PointAnimator.cpp; sourceTree = "<group>"; };
		208425231B825B2D0058C621 /* PointAnimator.h */ = {isa = PBXFileReference; fileEncoding = 4; lastKnownFileType = sourcecode.c.h; path = PointAnimator.h; sourceTree = "<group>"; };
		20D528851B7D4A3D00E4C841 /* ofxBaseGui.cpp */ = {isa = PBXFileReference; lastKnownFileType = sourcecode.cpp.cpp; path = ofxBaseGui.cpp; sourceTree = "<group>"; };
		20D528861B7D4A3D00E4C841 /* ofxBaseGui.h */ = {isa = PBXFileReference; lastKnownFileType = sourcecode.c.h; path = ofxBaseGui.h; sourceTree = "<group>"; };
		20D528871B7D4A3D00E4C841 /* ofxButton.cpp */ = {isa = PBXFileReference; lastKnownFileType = sourcecode.cpp.cpp; path = ofxButton.cpp; sourceTree = "<group>"; };
		20D528881B7D4A3D00E4C841 /* ofxButton.h */ = {isa = PBXFileReference; lastKnownFileType = sourcecode.c.h; path = ofxButton.h; sourceTree = "<group>"; };
		20D528891B7D4A3D00E4C841 /* ofxGui.h */ = {isa = PBXFileReference; lastKnownFileType = sourcecode.c.h; path = ofxGui.h; sourceTree = "<group>"; };
		20D5288A1B7D4A3D00E4C841 /* ofxGuiGroup.cpp */ = {isa = PBXFileReference; lastKnownFileType = sourcecode.cpp.cpp; path = ofxGuiGroup.cpp; sourceTree = "<group>"; };
		20D5288B1B7D4A3D00E4C841 /* ofxGuiGroup.h */ = {isa = PBXFileReference; lastKnownFileType = sourcecode.c.h; path = ofxGuiGroup.h; sourceTree = "<group>"; };
		20D5288C1B7D4A3D00E4C841 /* ofxLabel.cpp */ = {isa = PBXFileReference; lastKnownFileType = sourcecode.cpp.cpp; path = ofxLabel.cpp; sourceTree = "<group>"; };
		20D5288D1B7D4A3D00E4C841 /* ofxLabel.h */ = {isa = PBXFileReference; lastKnownFileType = sourcecode.c.h; path = ofxLabel.h; sourceTree = "<group>"; };
		20D5288E1B7D4A3D00E4C841 /* ofxPanel.cpp */ = {isa = PBXFileReference; lastKnownFileType = sourcecode.cpp.cpp; path = ofxPanel.cpp; sourceTree = "<group>"; };
		20D5288F1B7D4A3D00E4C841 /* ofxPanel.h */ = {isa = PBXFileReference; lastKnownFileType = sourcecode.c.h; path = ofxPanel.h; sourceTree = "<group>"; };
		20D528901B7D4A3D00E4C841 /* ofxSlider.cpp */ = {isa = PBXFileReference; lastKnownFileType = sourcecode.cpp.cpp; path = ofxSlider.cpp; sourceTree = "<group>"; };
		20D528911B7D4A3D00E4C841 /* ofxSlider.h */ = {isa = PBXFileReference; lastKnownFileType = sourcecode.c.h; path = ofxSlider.h; sourceTree = "<group>"; };
		20D528921B7D4A3D00E4C841 /* ofxSliderGroup.cpp */ = {isa = PBXFileReference; lastKnownFileType = sourcecode.cpp.cpp; path = ofxSliderGroup.cpp; sourceTree = "<group>"; };
		20D528931B7D4A3D00E4C841 /* ofxSliderGroup.h */ = {isa = PBXFileReference; lastKnownFileType = sourcecode.c.h; path = ofxSliderGroup.h; sourceTree = "<group>"; };
		20D528941B7D4A3D00E4C841 /* ofxToggle.cpp */ = {isa = PBXFileReference; lastKnownFileType = sourcecode.cpp.cpp; path = ofxToggle.cpp; sourceTree = "<group>"; };
		20D528951B7D4A3D00E4C841 /* ofxToggle.h */ = {isa = PBXFileReference; lastKnownFileType = sourcecode.c.h; path = ofxToggle.h; sourceTree = "<group>"; };
		20D5289E1B7D4A9800E4C841 /* Branch.cpp */ = {isa = PBXFileReference; fileEncoding = 4; lastKnownFileType = sourcecode.cpp.cpp; path = Branch.cpp; sourceTree = "<group>"; };
		20D5289F1B7D4A9800E4C841 /* Branch.h */ = {isa = PBXFileReference; fileEncoding = 4; lastKnownFileType = sourcecode.c.h; path = Branch.h; sourceTree = "<group>"; };
		20D528A31B7D4AF900E4C841 /* ofxCv.h */ = {isa = PBXFileReference; lastKnownFileType = sourcecode.c.h; path = ofxCv.h; sourceTree = "<group>"; };
		20D528A51B7D4AF900E4C841 /* .gitignore */ = {isa = PBXFileReference; lastKnownFileType = text; path = .gitignore; sourceTree = "<group>"; };
		20D528A91B7D4AF900E4C841 /* ETF.h */ = {isa = PBXFileReference; lastKnownFileType = sourcecode.c.h; path = ETF.h; sourceTree = "<group>"; };
		20D528AA1B7D4AF900E4C841 /* fdog.h */ = {isa = PBXFileReference; lastKnownFileType = sourcecode.c.h; path = fdog.h; sourceTree = "<group>"; };
		20D528AB1B7D4AF900E4C841 /* imatrix.h */ = {isa = PBXFileReference; lastKnownFileType = sourcecode.c.h; path = imatrix.h; sourceTree = "<group>"; };
		20D528AC1B7D4AF900E4C841 /* myvec.h */ = {isa = PBXFileReference; lastKnownFileType = sourcecode.c.h; path = myvec.h; sourceTree = "<group>"; };
		20D528AE1B7D4AF900E4C841 /* ETF.cpp */ = {isa = PBXFileReference; lastKnownFileType = sourcecode.cpp.cpp; path = ETF.cpp; sourceTree = "<group>"; };
		20D528AF1B7D4AF900E4C841 /* fdog.cpp */ = {isa = PBXFileReference; lastKnownFileType = sourcecode.cpp.cpp; path = fdog.cpp; sourceTree = "<group>"; };
		20D528B31B7D4AF900E4C841 /* Calibration.h */ = {isa = PBXFileReference; lastKnownFileType = sourcecode.c.h; path = Calibration.h; sourceTree = "<group>"; };
		20D528B41B7D4AF900E4C841 /* ContourFinder.h */ = {isa = PBXFileReference; lastKnownFileType = sourcecode.c.h; path = ContourFinder.h; sourceTree = "<group>"; };
		20D528B51B7D4AF900E4C841 /* Distance.h */ = {isa = PBXFileReference; lastKnownFileType = sourcecode.c.h; path = Distance.h; sourceTree = "<group>"; };
		20D528B61B7D4AF900E4C841 /* Flow.h */ = {isa = PBXFileReference; lastKnownFileType = sourcecode.c.h; path = Flow.h; sourceTree = "<group>"; };
		20D528B71B7D4AF900E4C841 /* Helpers.h */ = {isa = PBXFileReference; lastKnownFileType = sourcecode.c.h; path = Helpers.h; sourceTree = "<group>"; };
		20D528B81B7D4AF900E4C841 /* Kalman.h */ = {isa = PBXFileReference; lastKnownFileType = sourcecode.c.h; path = Kalman.h; sourceTree = "<group>"; };
		20D528B91B7D4AF900E4C841 /* ObjectFinder.h */ = {isa = PBXFileReference; lastKnownFileType = sourcecode.c.h; path = ObjectFinder.h; sourceTree = "<group>"; };
		20D528BA1B7D4AF900E4C841 /* RunningBackground.h */ = {isa = PBXFileReference; lastKnownFileType = sourcecode.c.h; path = RunningBackground.h; sourceTree = "<group>"; };
		20D528BB1B7D4AF900E4C841 /* Tracker.h */ = {isa = PBXFileReference; lastKnownFileType = sourcecode.c.h; path = Tracker.h; sourceTree = "<group>"; };
		20D528BC1B7D4AF900E4C841 /* Utilities.h */ = {isa = PBXFileReference; lastKnownFileType = sourcecode.c.h; path = Utilities.h; sourceTree = "<group>"; };
		20D528BD1B7D4AF900E4C841 /* Wrappers.h */ = {isa = PBXFileReference; lastKnownFileType = sourcecode.c.h; path = Wrappers.h; sourceTree = "<group>"; };
		20D528BF1B7D4AF900E4C841 /* Calibration.cpp */ = {isa = PBXFileReference; lastKnownFileType = sourcecode.cpp.cpp; path = Calibration.cpp; sourceTree = "<group>"; };
		20D528C01B7D4AF900E4C841 /* ContourFinder.cpp */ = {isa = PBXFileReference; lastKnownFileType = sourcecode.cpp.cpp; path = ContourFinder.cpp; sourceTree = "<group>"; };
		20D528C11B7D4AF900E4C841 /* Distance.cpp */ = {isa = PBXFileReference; lastKnownFileType = sourcecode.cpp.cpp; path = Distance.cpp; sourceTree = "<group>"; };
		20D528C21B7D4AF900E4C841 /* Flow.cpp */ = {isa = PBXFileReference; lastKnownFileType = sourcecode.cpp.cpp; path = Flow.cpp; sourceTree = "<group>"; };
		20D528C31B7D4AF900E4C841 /* Helpers.cpp */ = {isa = PBXFileReference; lastKnownFileType = sourcecode.cpp.cpp; path = Helpers.cpp; sourceTree = "<group>"; };
		20D528C41B7D4AF900E4C841 /* Kalman.cpp */ = {isa = PBXFileReference; lastKnownFileType = sourcecode.cpp.cpp; path = Kalman.cpp; sourceTree = "<group>"; };
		20D528C51B7D4AF900E4C841 /* ObjectFinder.cpp */ = {isa = PBXFileReference; lastKnownFileType = sourcecode.cpp.cpp; path = ObjectFinder.cpp; sourceTree = "<group>"; };
		20D528C61B7D4AF900E4C841 /* RunningBackground.cpp */ = {isa = PBXFileReference; lastKnownFileType = sourcecode.cpp.cpp; path = RunningBackground.cpp; sourceTree = "<group>"; };
		20D528C71B7D4AF900E4C841 /* Tracker.cpp */ = {isa = PBXFileReference; lastKnownFileType = sourcecode.cpp.cpp; path = Tracker.cpp; sourceTree = "<group>"; };
		20D528C81B7D4AF900E4C841 /* Utilities.cpp */ = {isa = PBXFileReference; lastKnownFileType = sourcecode.cpp.cpp; path = Utilities.cpp; sourceTree = "<group>"; };
		20D528C91B7D4AF900E4C841 /* Wrappers.cpp */ = {isa = PBXFileReference; lastKnownFileType = sourcecode.cpp.cpp; path = Wrappers.cpp; sourceTree = "<group>"; };
		20D528CA1B7D4AF900E4C841 /* opencv.a */ = {isa = PBXFileReference; lastKnownFileType = archive.ar; name = opencv.a; path = ../../../addons/ofxCv/../ofxOpenCv/libs/opencv/lib/osx/opencv.a; sourceTree = "<group>"; };
		20EBB7031B8D4060000562BF /* ColorAnimator.cpp */ = {isa = PBXFileReference; fileEncoding = 4; lastKnownFileType = sourcecode.cpp.cpp; path = ColorAnimator.cpp; sourceTree = "<group>"; };
		20EBB7041B8D4060000562BF /* ColorAnimator.h */ = {isa = PBXFileReference; fileEncoding = 4; lastKnownFileType = sourcecode.c.h; path = ColorAnimator.h; sourceTree = "<group>"; };
		E4328143138ABC890047C5CB /* openFrameworksLib.xcodeproj */ = {isa = PBXFileReference; lastKnownFileType = "wrapper.pb-project"; name = openFrameworksLib.xcodeproj; path = ../../../libs/openFrameworksCompiled/project/osx/openFrameworksLib.xcodeproj; sourceTree = SOURCE_ROOT; };
		E4B69B5B0A3A1756003C02F2 /* ClydiaDebug.app */ = {isa = PBXFileReference; explicitFileType = wrapper.application; includeInIndex = 0; path = ClydiaDebug.app; sourceTree = BUILT_PRODUCTS_DIR; };
		E4B69E1D0A3A1BDC003C02F2 /* main.cpp */ = {isa = PBXFileReference; fileEncoding = 30; lastKnownFileType = sourcecode.cpp.cpp; name = main.cpp; path = src/main.cpp; sourceTree = SOURCE_ROOT; };
		E4B69E1E0A3A1BDC003C02F2 /* ofApp.cpp */ = {isa = PBXFileReference; explicitFileType = sourcecode.cpp.cpp; fileEncoding = 30; name = ofApp.cpp; path = src/ofApp.cpp; sourceTree = SOURCE_ROOT; };
		E4B69E1F0A3A1BDC003C02F2 /* ofApp.h */ = {isa = PBXFileReference; fileEncoding = 30; lastKnownFileType = sourcecode.c.h; name = ofApp.h; path = src/ofApp.h; sourceTree = SOURCE_ROOT; };
		E4B6FCAD0C3E899E008CF71C /* openFrameworks-Info.plist */ = {isa = PBXFileReference; fileEncoding = 30; lastKnownFileType = text.plist.xml; path = "openFrameworks-Info.plist"; sourceTree = "<group>"; };
		E4EB691F138AFCF100A09F29 /* CoreOF.xcconfig */ = {isa = PBXFileReference; fileEncoding = 4; lastKnownFileType = text.xcconfig; name = CoreOF.xcconfig; path = ../../../libs/openFrameworksCompiled/project/osx/CoreOF.xcconfig; sourceTree = SOURCE_ROOT; };
		E4EB6923138AFD0F00A09F29 /* Project.xcconfig */ = {isa = PBXFileReference; fileEncoding = 4; lastKnownFileType = text.xcconfig; path = Project.xcconfig; sourceTree = "<group>"; };
		E6CF6B6E1BBB64F7005B0E0E /* DrawingParams.cpp */ = {isa = PBXFileReference; fileEncoding = 4; lastKnownFileType = sourcecode.cpp.cpp; path = DrawingParams.cpp; sourceTree = "<group>"; };
		E6CF6B6F1BBB64F7005B0E0E /* DrawingParams.h */ = {isa = PBXFileReference; fileEncoding = 4; lastKnownFileType = sourcecode.c.h; path = DrawingParams.h; sourceTree = "<group>"; };
		E6CF6B701BBB64F7005B0E0E /* TrackingParams.cpp */ = {isa = PBXFileReference; fileEncoding = 4; lastKnownFileType = sourcecode.cpp.cpp; path = TrackingParams.cpp; sourceTree = "<group>"; };
		E6CF6B711BBB64F7005B0E0E /* TrackingParams.h */ = {isa = PBXFileReference; fileEncoding = 4; lastKnownFileType = sourcecode.c.h; path = TrackingParams.h; sourceTree = "<group>"; };
		E6E33B761BBB5F7800C7C6E6 /* AnimatorParams.cpp */ = {isa = PBXFileReference; fileEncoding = 4; lastKnownFileType = sourcecode.cpp.cpp; path = AnimatorParams.cpp; sourceTree = "<group>"; };
		E6E33B771BBB5F7800C7C6E6 /* AnimatorParams.h */ = {isa = PBXFileReference; fileEncoding = 4; lastKnownFileType = sourcecode.c.h; path = AnimatorParams.h; sourceTree = "<group>"; };
/* End PBXFileReference section */

/* Begin PBXFrameworksBuildPhase section */
		E4B69B590A3A1756003C02F2 /* Frameworks */ = {
			isa = PBXFrameworksBuildPhase;
			buildActionMask = 2147483647;
			files = (
				20D528D81B7D4AF900E4C841 /* opencv.a in Frameworks */,
				E4328149138ABC9F0047C5CB /* openFrameworksDebug.a in Frameworks */,
			);
			runOnlyForDeploymentPostprocessing = 0;
		};
/* End PBXFrameworksBuildPhase section */

/* Begin PBXGroup section */
		203B525B1B7D6CAC00C9808A /* ofxAnimatable */ = {
			isa = PBXGroup;
			children = (
				203B525C1B7D6CAC00C9808A /* src */,
			);
			name = ofxAnimatable;
			sourceTree = "<group>";
		};
		203B525C1B7D6CAC00C9808A /* src */ = {
			isa = PBXGroup;
			children = (
				203B525D1B7D6CAC00C9808A /* ofxAnimatable.cpp */,
				203B525E1B7D6CAC00C9808A /* ofxAnimatable.h */,
				203B525F1B7D6CAC00C9808A /* ofxAnimatableFloat.cpp */,
				203B52601B7D6CAC00C9808A /* ofxAnimatableFloat.h */,
				203B52611B7D6CAC00C9808A /* ofxAnimatableOfColor.cpp */,
				203B52621B7D6CAC00C9808A /* ofxAnimatableOfColor.h */,
				203B52631B7D6CAC00C9808A /* ofxAnimatableOfPoint.cpp */,
				203B52641B7D6CAC00C9808A /* ofxAnimatableOfPoint.h */,
			);
			name = src;
			path = ../../../addons/ofxAnimatable/src;
			sourceTree = "<group>";
		};
		20D528831B7D4A3D00E4C841 /* ofxGui */ = {
			isa = PBXGroup;
			children = (
				20D528841B7D4A3D00E4C841 /* src */,
			);
			name = ofxGui;
			sourceTree = "<group>";
		};
		20D528841B7D4A3D00E4C841 /* src */ = {
			isa = PBXGroup;
			children = (
				20D528851B7D4A3D00E4C841 /* ofxBaseGui.cpp */,
				20D528861B7D4A3D00E4C841 /* ofxBaseGui.h */,
				20D528871B7D4A3D00E4C841 /* ofxButton.cpp */,
				20D528881B7D4A3D00E4C841 /* ofxButton.h */,
				20D528891B7D4A3D00E4C841 /* ofxGui.h */,
				20D5288A1B7D4A3D00E4C841 /* ofxGuiGroup.cpp */,
				20D5288B1B7D4A3D00E4C841 /* ofxGuiGroup.h */,
				20D5288C1B7D4A3D00E4C841 /* ofxLabel.cpp */,
				20D5288D1B7D4A3D00E4C841 /* ofxLabel.h */,
				20D5288E1B7D4A3D00E4C841 /* ofxPanel.cpp */,
				20D5288F1B7D4A3D00E4C841 /* ofxPanel.h */,
				20D528901B7D4A3D00E4C841 /* ofxSlider.cpp */,
				20D528911B7D4A3D00E4C841 /* ofxSlider.h */,
				20D528921B7D4A3D00E4C841 /* ofxSliderGroup.cpp */,
				20D528931B7D4A3D00E4C841 /* ofxSliderGroup.h */,
				20D528941B7D4A3D00E4C841 /* ofxToggle.cpp */,
				20D528951B7D4A3D00E4C841 /* ofxToggle.h */,
			);
			name = src;
			path = ../../../addons/ofxGui/src;
			sourceTree = "<group>";
		};
		20D528A11B7D4AF900E4C841 /* ofxCv */ = {
			isa = PBXGroup;
			children = (
				20D528A21B7D4AF900E4C841 /* src */,
				20D528A41B7D4AF900E4C841 /* libs */,
				20D528CA1B7D4AF900E4C841 /* opencv.a */,
			);
			name = ofxCv;
			sourceTree = "<group>";
		};
		20D528A21B7D4AF900E4C841 /* src */ = {
			isa = PBXGroup;
			children = (
				20D528A31B7D4AF900E4C841 /* ofxCv.h */,
			);
			name = src;
			path = ../../../addons/ofxCv/src;
			sourceTree = "<group>";
		};
		20D528A41B7D4AF900E4C841 /* libs */ = {
			isa = PBXGroup;
			children = (
				20D528A51B7D4AF900E4C841 /* .gitignore */,
				20D528A61B7D4AF900E4C841 /* CLD */,
				20D528B01B7D4AF900E4C841 /* ofxCv */,
			);
			name = libs;
			path = ../../../addons/ofxCv/libs;
			sourceTree = "<group>";
		};
		20D528A61B7D4AF900E4C841 /* CLD */ = {
			isa = PBXGroup;
			children = (
				20D528A71B7D4AF900E4C841 /* include */,
				20D528AD1B7D4AF900E4C841 /* src */,
			);
			path = CLD;
			sourceTree = "<group>";
		};
		20D528A71B7D4AF900E4C841 /* include */ = {
			isa = PBXGroup;
			children = (
				20D528A81B7D4AF900E4C841 /* CLD */,
			);
			path = include;
			sourceTree = "<group>";
		};
		20D528A81B7D4AF900E4C841 /* CLD */ = {
			isa = PBXGroup;
			children = (
				20D528A91B7D4AF900E4C841 /* ETF.h */,
				20D528AA1B7D4AF900E4C841 /* fdog.h */,
				20D528AB1B7D4AF900E4C841 /* imatrix.h */,
				20D528AC1B7D4AF900E4C841 /* myvec.h */,
			);
			path = CLD;
			sourceTree = "<group>";
		};
		20D528AD1B7D4AF900E4C841 /* src */ = {
			isa = PBXGroup;
			children = (
				20D528AE1B7D4AF900E4C841 /* ETF.cpp */,
				20D528AF1B7D4AF900E4C841 /* fdog.cpp */,
			);
			path = src;
			sourceTree = "<group>";
		};
		20D528B01B7D4AF900E4C841 /* ofxCv */ = {
			isa = PBXGroup;
			children = (
				20D528B11B7D4AF900E4C841 /* include */,
				20D528BE1B7D4AF900E4C841 /* src */,
			);
			path = ofxCv;
			sourceTree = "<group>";
		};
		20D528B11B7D4AF900E4C841 /* include */ = {
			isa = PBXGroup;
			children = (
				20D528B21B7D4AF900E4C841 /* ofxCv */,
			);
			path = include;
			sourceTree = "<group>";
		};
		20D528B21B7D4AF900E4C841 /* ofxCv */ = {
			isa = PBXGroup;
			children = (
				20D528B31B7D4AF900E4C841 /* Calibration.h */,
				20D528B41B7D4AF900E4C841 /* ContourFinder.h */,
				20D528B51B7D4AF900E4C841 /* Distance.h */,
				20D528B61B7D4AF900E4C841 /* Flow.h */,
				20D528B71B7D4AF900E4C841 /* Helpers.h */,
				20D528B81B7D4AF900E4C841 /* Kalman.h */,
				20D528B91B7D4AF900E4C841 /* ObjectFinder.h */,
				20D528BA1B7D4AF900E4C841 /* RunningBackground.h */,
				20D528BB1B7D4AF900E4C841 /* Tracker.h */,
				20D528BC1B7D4AF900E4C841 /* Utilities.h */,
				20D528BD1B7D4AF900E4C841 /* Wrappers.h */,
			);
			path = ofxCv;
			sourceTree = "<group>";
		};
		20D528BE1B7D4AF900E4C841 /* src */ = {
			isa = PBXGroup;
			children = (
				20D528BF1B7D4AF900E4C841 /* Calibration.cpp */,
				20D528C01B7D4AF900E4C841 /* ContourFinder.cpp */,
				20D528C11B7D4AF900E4C841 /* Distance.cpp */,
				20D528C21B7D4AF900E4C841 /* Flow.cpp */,
				20D528C31B7D4AF900E4C841 /* Helpers.cpp */,
				20D528C41B7D4AF900E4C841 /* Kalman.cpp */,
				20D528C51B7D4AF900E4C841 /* ObjectFinder.cpp */,
				20D528C61B7D4AF900E4C841 /* RunningBackground.cpp */,
				20D528C71B7D4AF900E4C841 /* Tracker.cpp */,
				20D528C81B7D4AF900E4C841 /* Utilities.cpp */,
				20D528C91B7D4AF900E4C841 /* Wrappers.cpp */,
			);
			path = src;
			sourceTree = "<group>";
		};
		BB4B014C10F69532006C3DED /* addons */ = {
			isa = PBXGroup;
			children = (
				20D528831B7D4A3D00E4C841 /* ofxGui */,
				20D528A11B7D4AF900E4C841 /* ofxCv */,
				203B525B1B7D6CAC00C9808A /* ofxAnimatable */,
			);
			name = addons;
			sourceTree = "<group>";
		};
		E4328144138ABC890047C5CB /* Products */ = {
			isa = PBXGroup;
			children = (
				E4328148138ABC890047C5CB /* openFrameworksDebug.a */,
			);
			name = Products;
			sourceTree = "<group>";
		};
		E4B69B4A0A3A1720003C02F2 = {
			isa = PBXGroup;
			children = (
				E4B6FCAD0C3E899E008CF71C /* openFrameworks-Info.plist */,
				E4EB6923138AFD0F00A09F29 /* Project.xcconfig */,
				E4B69E1C0A3A1BDC003C02F2 /* src */,
				E4EEC9E9138DF44700A80321 /* openFrameworks */,
				BB4B014C10F69532006C3DED /* addons */,
				E4B69B5B0A3A1756003C02F2 /* ClydiaDebug.app */,
			);
			sourceTree = "<group>";
		};
		E4B69E1C0A3A1BDC003C02F2 /* src */ = {
			isa = PBXGroup;
			children = (
				E4B69E1D0A3A1BDC003C02F2 /* main.cpp */,
				E4B69E1E0A3A1BDC003C02F2 /* ofApp.cpp */,
				E4B69E1F0A3A1BDC003C02F2 /* ofApp.h */,
				20D5289E1B7D4A9800E4C841 /* Branch.cpp */,
				20D5289F1B7D4A9800E4C841 /* Branch.h */,
				208425221B825B2D0058C621 /* PointAnimator.cpp */,
				208425231B825B2D0058C621 /* PointAnimator.h */,
				20EBB7031B8D4060000562BF /* ColorAnimator.cpp */,
				20EBB7041B8D4060000562BF /* ColorAnimator.h */,
				E6E33B761BBB5F7800C7C6E6 /* AnimatorParams.cpp */,
				E6E33B771BBB5F7800C7C6E6 /* AnimatorParams.h */,
				E6CF6B6E1BBB64F7005B0E0E /* DrawingParams.cpp */,
				E6CF6B6F1BBB64F7005B0E0E /* DrawingParams.h */,
				E6CF6B701BBB64F7005B0E0E /* TrackingParams.cpp */,
				E6CF6B711BBB64F7005B0E0E /* TrackingParams.h */,
			);
			path = src;
			sourceTree = SOURCE_ROOT;
		};
		E4EEC9E9138DF44700A80321 /* openFrameworks */ = {
			isa = PBXGroup;
			children = (
				E4EB691F138AFCF100A09F29 /* CoreOF.xcconfig */,
				E4328143138ABC890047C5CB /* openFrameworksLib.xcodeproj */,
			);
			name = openFrameworks;
			sourceTree = "<group>";
		};
/* End PBXGroup section */

/* Begin PBXNativeTarget section */
		E4B69B5A0A3A1756003C02F2 /* Clydia */ = {
			isa = PBXNativeTarget;
			buildConfigurationList = E4B69B5F0A3A1757003C02F2 /* Build configuration list for PBXNativeTarget "Clydia" */;
			buildPhases = (
				E4B69B580A3A1756003C02F2 /* Sources */,
				E4B69B590A3A1756003C02F2 /* Frameworks */,
				E4B6FFFD0C3F9AB9008CF71C /* ShellScript */,
				E4C2427710CC5ABF004149E2 /* CopyFiles */,
			);
			buildRules = (
			);
			dependencies = (
				E4EEB9AC138B136A00A80321 /* PBXTargetDependency */,
			);
			name = Clydia;
			productName = myOFApp;
			productReference = E4B69B5B0A3A1756003C02F2 /* ClydiaDebug.app */;
			productType = "com.apple.product-type.application";
		};
/* End PBXNativeTarget section */

/* Begin PBXProject section */
		E4B69B4C0A3A1720003C02F2 /* Project object */ = {
			isa = PBXProject;
			attributes = {
				LastUpgradeCheck = 0700;
			};
			buildConfigurationList = E4B69B4D0A3A1720003C02F2 /* Build configuration list for PBXProject "Clydia" */;
			compatibilityVersion = "Xcode 3.2";
			developmentRegion = English;
			hasScannedForEncodings = 0;
			knownRegions = (
				English,
				Japanese,
				French,
				German,
			);
			mainGroup = E4B69B4A0A3A1720003C02F2;
			productRefGroup = E4B69B4A0A3A1720003C02F2;
			projectDirPath = "";
			projectReferences = (
				{
					ProductGroup = E4328144138ABC890047C5CB /* Products */;
					ProjectRef = E4328143138ABC890047C5CB /* openFrameworksLib.xcodeproj */;
				},
			);
			projectRoot = "";
			targets = (
				E4B69B5A0A3A1756003C02F2 /* Clydia */,
			);
		};
/* End PBXProject section */

/* Begin PBXReferenceProxy section */
		E4328148138ABC890047C5CB /* openFrameworksDebug.a */ = {
			isa = PBXReferenceProxy;
			fileType = archive.ar;
			path = openFrameworksDebug.a;
			remoteRef = E4328147138ABC890047C5CB /* PBXContainerItemProxy */;
			sourceTree = BUILT_PRODUCTS_DIR;
		};
/* End PBXReferenceProxy section */

/* Begin PBXShellScriptBuildPhase section */
		E4B6FFFD0C3F9AB9008CF71C /* ShellScript */ = {
			isa = PBXShellScriptBuildPhase;
			buildActionMask = 2147483647;
			files = (
			);
			inputPaths = (
			);
			outputPaths = (
			);
			runOnlyForDeploymentPostprocessing = 0;
			shellPath = /bin/sh;
			shellScript = "rsync -aved ../../../libs/fmodex/lib/osx/libfmodex.dylib \"$TARGET_BUILD_DIR/$PRODUCT_NAME.app/Contents/MacOS/\"; install_name_tool -change ./libfmodex.dylib @executable_path/libfmodex.dylib \"$TARGET_BUILD_DIR/$PRODUCT_NAME.app/Contents/MacOS/$PRODUCT_NAME\";\nmkdir -p \"$TARGET_BUILD_DIR/$PRODUCT_NAME.app/Contents/Resources/\"\nrsync -aved \"$ICON_FILE\" \"$TARGET_BUILD_DIR/$PRODUCT_NAME.app/Contents/Resources/\"\nrsync -aved ../../../libs/glut/lib/osx/GLUT.framework \"$TARGET_BUILD_DIR/$PRODUCT_NAME.app/Contents/Frameworks/\"\n";
		};
/* End PBXShellScriptBuildPhase section */

/* Begin PBXSourcesBuildPhase section */
		E4B69B580A3A1756003C02F2 /* Sources */ = {
			isa = PBXSourcesBuildPhase;
			buildActionMask = 2147483647;
			files = (
				20D528D31B7D4AF900E4C841 /* ObjectFinder.cpp in Sources */,
				20D528D71B7D4AF900E4C841 /* Wrappers.cpp in Sources */,
				203B52671B7D6CAC00C9808A /* ofxAnimatableOfColor.cpp in Sources */,
				20D528991B7D4A3D00E4C841 /* ofxLabel.cpp in Sources */,
				E4B69E200A3A1BDC003C02F2 /* main.cpp in Sources */,
				E6CF6B731BBB64F7005B0E0E /* TrackingParams.cpp in Sources */,
				20D528961B7D4A3D00E4C841 /* ofxBaseGui.cpp in Sources */,
				20D528CC1B7D4AF900E4C841 /* fdog.cpp in Sources */,
				203B52661B7D6CAC00C9808A /* ofxAnimatableFloat.cpp in Sources */,
				20D528CD1B7D4AF900E4C841 /* Calibration.cpp in Sources */,
				20D528CB1B7D4AF900E4C841 /* ETF.cpp in Sources */,
				20D528D41B7D4AF900E4C841 /* RunningBackground.cpp in Sources */,
				20D528D51B7D4AF900E4C841 /* Tracker.cpp in Sources */,
				20D528A01B7D4A9800E4C841 /* Branch.cpp in Sources */,
				20D528D61B7D4AF900E4C841 /* Utilities.cpp in Sources */,
				E4B69E210A3A1BDC003C02F2 /* ofApp.cpp in Sources */,
				20D528D01B7D4AF900E4C841 /* Flow.cpp in Sources */,
				20D528D11B7D4AF900E4C841 /* Helpers.cpp in Sources */,
				20D528D21B7D4AF900E4C841 /* Kalman.cpp in Sources */,
				E6CF6B721BBB64F7005B0E0E /* DrawingParams.cpp in Sources */,
				E6E33B781BBB5F7800C7C6E6 /* AnimatorParams.cpp in Sources */,
				208425241B825B2D0058C621 /* PointAnimator.cpp in Sources */,
				203B52651B7D6CAC00C9808A /* ofxAnimatable.cpp in Sources */,
				203B52681B7D6CAC00C9808A /* ofxAnimatableOfPoint.cpp in Sources */,
				20D528CF1B7D4AF900E4C841 /* Distance.cpp in Sources */,
				20D5289A1B7D4A3D00E4C841 /* ofxPanel.cpp in Sources */,
				20D528CE1B7D4AF900E4C841 /* ContourFinder.cpp in Sources */,
				20D528971B7D4A3D00E4C841 /* ofxButton.cpp in Sources */,
				20D5289B1B7D4A3D00E4C841 /* ofxSlider.cpp in Sources */,
				20EBB7051B8D4060000562BF /* ColorAnimator.cpp in Sources */,
				20D5289D1B7D4A3D00E4C841 /* ofxToggle.cpp in Sources */,
				20D5289C1B7D4A3D00E4C841 /* ofxSliderGroup.cpp in Sources */,
				20D528981B7D4A3D00E4C841 /* ofxGuiGroup.cpp in Sources */,
			);
			runOnlyForDeploymentPostprocessing = 0;
		};
/* End PBXSourcesBuildPhase section */

/* Begin PBXTargetDependency section */
		E4EEB9AC138B136A00A80321 /* PBXTargetDependency */ = {
			isa = PBXTargetDependency;
			name = openFrameworks;
			targetProxy = E4EEB9AB138B136A00A80321 /* PBXContainerItemProxy */;
		};
/* End PBXTargetDependency section */

/* Begin XCBuildConfiguration section */
		E4B69B4E0A3A1720003C02F2 /* Debug */ = {
			isa = XCBuildConfiguration;
			baseConfigurationReference = E4EB6923138AFD0F00A09F29 /* Project.xcconfig */;
			buildSettings = {
				CONFIGURATION_BUILD_DIR = "$(SRCROOT)/bin/";
				COPY_PHASE_STRIP = NO;
				DEAD_CODE_STRIPPING = YES;
				ENABLE_TESTABILITY = YES;
				GCC_AUTO_VECTORIZATION = YES;
				GCC_ENABLE_SSE3_EXTENSIONS = YES;
				GCC_ENABLE_SUPPLEMENTAL_SSE3_INSTRUCTIONS = YES;
				GCC_INLINES_ARE_PRIVATE_EXTERN = NO;
				GCC_OPTIMIZATION_LEVEL = 0;
				GCC_SYMBOLS_PRIVATE_EXTERN = NO;
				GCC_WARN_ABOUT_DEPRECATED_FUNCTIONS = YES;
				GCC_WARN_ABOUT_INVALID_OFFSETOF_MACRO = NO;
				GCC_WARN_ALLOW_INCOMPLETE_PROTOCOL = NO;
				GCC_WARN_UNINITIALIZED_AUTOS = NO;
				GCC_WARN_UNUSED_VALUE = NO;
				GCC_WARN_UNUSED_VARIABLE = NO;
				MACOSX_DEPLOYMENT_TARGET = 10.8;
				ONLY_ACTIVE_ARCH = YES;
				OTHER_CPLUSPLUSFLAGS = (
					"-D__MACOSX_CORE__",
					"-mtune=native",
				);
				SDKROOT = macosx;
			};
			name = Debug;
		};
		E4B69B4F0A3A1720003C02F2 /* Release */ = {
			isa = XCBuildConfiguration;
			baseConfigurationReference = E4EB6923138AFD0F00A09F29 /* Project.xcconfig */;
			buildSettings = {
				CONFIGURATION_BUILD_DIR = "$(SRCROOT)/bin/";
				COPY_PHASE_STRIP = YES;
				DEAD_CODE_STRIPPING = YES;
				GCC_AUTO_VECTORIZATION = YES;
				GCC_ENABLE_SSE3_EXTENSIONS = YES;
				GCC_ENABLE_SUPPLEMENTAL_SSE3_INSTRUCTIONS = YES;
				GCC_INLINES_ARE_PRIVATE_EXTERN = NO;
				GCC_OPTIMIZATION_LEVEL = 3;
				GCC_SYMBOLS_PRIVATE_EXTERN = NO;
				GCC_UNROLL_LOOPS = YES;
				GCC_WARN_ABOUT_DEPRECATED_FUNCTIONS = YES;
				GCC_WARN_ABOUT_INVALID_OFFSETOF_MACRO = NO;
				GCC_WARN_ALLOW_INCOMPLETE_PROTOCOL = NO;
				GCC_WARN_UNINITIALIZED_AUTOS = NO;
				GCC_WARN_UNUSED_VALUE = NO;
				GCC_WARN_UNUSED_VARIABLE = NO;
				MACOSX_DEPLOYMENT_TARGET = 10.8;
				OTHER_CPLUSPLUSFLAGS = (
					"-D__MACOSX_CORE__",
					"-mtune=native",
				);
				SDKROOT = macosx;
			};
			name = Release;
		};
		E4B69B600A3A1757003C02F2 /* Debug */ = {
			isa = XCBuildConfiguration;
			baseConfigurationReference = E4EB6923138AFD0F00A09F29 /* Project.xcconfig */;
			buildSettings = {
				COMBINE_HIDPI_IMAGES = YES;
				COPY_PHASE_STRIP = NO;
				FRAMEWORK_SEARCH_PATHS = (
					"$(inherited)",
					"$(FRAMEWORK_SEARCH_PATHS_QUOTED_FOR_TARGET_1)",
				);
				FRAMEWORK_SEARCH_PATHS_QUOTED_FOR_TARGET_1 = "\"$(SRCROOT)/../../../libs/glut/lib/osx\"";
				GCC_DYNAMIC_NO_PIC = NO;
				GCC_GENERATE_DEBUGGING_SYMBOLS = YES;
				GCC_MODEL_TUNING = NONE;
				ICON = "$(ICON_NAME_DEBUG)";
				ICON_FILE = "$(ICON_FILE_PATH)$(ICON)";
				INFOPLIST_FILE = "openFrameworks-Info.plist";
				INSTALL_PATH = "$(HOME)/Applications";
				LIBRARY_SEARCH_PATHS = "$(inherited)";
				PRODUCT_BUNDLE_IDENTIFIER = cc.openFrameworks.ofapp;
				PRODUCT_NAME = "$(TARGET_NAME)Debug";
				USER_HEADER_SEARCH_PATHS = "../../../addons/ofxCv/../ofxOpenCv/libs/opencv/include ../../../addons/ofxCv/libs/ofxCv/include/ ../../../addons/ofxCv/libs/CLD/include/ ../../../addons/ofxEmscripten/libs/html5audio/include/ ../../../addons/ofxEmscripten/libs/html5video/include/";
				WRAPPER_EXTENSION = app;
			};
			name = Debug;
		};
		E4B69B610A3A1757003C02F2 /* Release */ = {
			isa = XCBuildConfiguration;
			baseConfigurationReference = E4EB6923138AFD0F00A09F29 /* Project.xcconfig */;
			buildSettings = {
				COMBINE_HIDPI_IMAGES = YES;
				COPY_PHASE_STRIP = YES;
				FRAMEWORK_SEARCH_PATHS = (
					"$(inherited)",
					"$(FRAMEWORK_SEARCH_PATHS_QUOTED_FOR_TARGET_1)",
				);
				FRAMEWORK_SEARCH_PATHS_QUOTED_FOR_TARGET_1 = "\"$(SRCROOT)/../../../libs/glut/lib/osx\"";
				GCC_GENERATE_DEBUGGING_SYMBOLS = YES;
				GCC_MODEL_TUNING = NONE;
				ICON = "$(ICON_NAME_RELEASE)";
				ICON_FILE = "$(ICON_FILE_PATH)$(ICON)";
				INFOPLIST_FILE = "openFrameworks-Info.plist";
				INSTALL_PATH = "$(HOME)/Applications";
				LIBRARY_SEARCH_PATHS = "$(inherited)";
				PRODUCT_BUNDLE_IDENTIFIER = cc.openFrameworks.ofapp;
				PRODUCT_NAME = "$(TARGET_NAME)";
				USER_HEADER_SEARCH_PATHS = "../../../addons/ofxCv/../ofxOpenCv/libs/opencv/include ../../../addons/ofxCv/libs/ofxCv/include/ ../../../addons/ofxCv/libs/CLD/include/ ../../../addons/ofxEmscripten/libs/html5audio/include/ ../../../addons/ofxEmscripten/libs/html5video/include/";
				WRAPPER_EXTENSION = app;
				baseConfigurationReference = E4EB6923138AFD0F00A09F29;
			};
			name = Release;
		};
/* End XCBuildConfiguration section */

/* Begin XCConfigurationList section */
		E4B69B4D0A3A1720003C02F2 /* Build configuration list for PBXProject "Clydia" */ = {
			isa = XCConfigurationList;
			buildConfigurations = (
				E4B69B4E0A3A1720003C02F2 /* Debug */,
				E4B69B4F0A3A1720003C02F2 /* Release */,
			);
			defaultConfigurationIsVisible = 0;
			defaultConfigurationName = Release;
		};
		E4B69B5F0A3A1757003C02F2 /* Build configuration list for PBXNativeTarget "Clydia" */ = {
			isa = XCConfigurationList;
			buildConfigurations = (
				E4B69B600A3A1757003C02F2 /* Debug */,
				E4B69B610A3A1757003C02F2 /* Release */,
			);
			defaultConfigurationIsVisible = 0;
			defaultConfigurationName = Release;
		};
/* End XCConfigurationList section */
	};
	rootObject = E4B69B4C0A3A1720003C02F2 /* Project object */;
}
